# This file is autogenerated, do not edit; changes may be undone by the next 'dep ensure'.


[[projects]]
  branch = "master"
  digest = "1:87b882089a94ef7b91525adeadd3b1a16566d1ae897f11b45a0208ec2b119fa2"
  name = "github.com/GeertJohan/go-sourcepath"
  packages = ["."]
  pruneopts = ""
  revision = "83e8b8723a9bf39481216e80575f4854c63ece4a"

[[projects]]
  digest = "1:13e9506002abeff97e1c1e5bb1d15492a452b3452660f27e60e5083f88c7bac7"
  name = "github.com/Unknwon/com"
  packages = ["."]
  pruneopts = ""
  revision = "28b053d5a2923b87ce8c5a08f3af779894a72758"
  version = "v1"

[[projects]]
  branch = "master"
  digest = "0:"
  name = "github.com/armon/consul-api"
  packages = ["."]
  pruneopts = ""
  revision = "eb2c6b5be1b66bab83016e0b05f01b8d5496ffbd"

[[projects]]
  digest = "0:"
  name = "github.com/aws/aws-sdk-go"
  packages = [
    "aws",
    "aws/awserr",
    "aws/awsutil",
    "aws/client",
    "aws/client/metadata",
    "aws/corehandlers",
    "aws/credentials",
    "aws/credentials/ec2rolecreds",
    "aws/credentials/endpointcreds",
    "aws/credentials/stscreds",
    "aws/csm",
    "aws/defaults",
    "aws/ec2metadata",
    "aws/endpoints",
    "aws/request",
    "aws/session",
    "aws/signer/v4",
    "internal/ini",
    "internal/s3err",
    "internal/sdkio",
    "internal/sdkrand",
    "internal/sdkuri",
    "internal/shareddefaults",
    "private/protocol",
    "private/protocol/eventstream",
    "private/protocol/eventstream/eventstreamapi",
    "private/protocol/query",
    "private/protocol/query/queryutil",
    "private/protocol/rest",
    "private/protocol/restxml",
    "private/protocol/xml/xmlutil",
    "service/s3",
    "service/s3/s3iface",
    "service/s3/s3manager",
    "service/sqs",
    "service/sts",
  ]
  pruneopts = ""
  revision = "f76d9803fd695eebf74cb23c460287fa496efc21"
  version = "v1.15.63"

[[projects]]
  digest = "0:"
  name = "github.com/coreos/etcd"
  packages = [
    "client",
    "pkg/pathutil",
    "pkg/srv",
    "pkg/types",
    "version",
  ]
  pruneopts = ""
  revision = "27fc7e2296f506182f58ce846e48f36b34fe6842"
  version = "v3.3.10"

[[projects]]
  digest = "1:3c3f68ebab415344aef64363d23471e953a4715645115604aaf57923ae904f5e"
  name = "github.com/coreos/go-semver"
  packages = ["semver"]
  pruneopts = ""
  revision = "8ab6407b697782a06568d4b7f1db25550ec2e4c6"
  version = "v0.2.0"

[[projects]]
  digest = "0:"
  name = "github.com/davecgh/go-spew"
  packages = ["spew"]
  pruneopts = ""
  revision = "8991bc29aa16c548c550c7ff78260e27b9ab7c73"
  version = "v1.1.1"

[[projects]]
  digest = "0:"
  name = "github.com/dgrijalva/jwt-go"
  packages = ["."]
  pruneopts = ""
  revision = "06ea1031745cb8b3dab3f6a236daf2b0aa468b7e"
  version = "v3.2.0"

[[projects]]
  branch = "master"
  digest = "0:"
  name = "github.com/dustin/go-humanize"
  packages = ["."]
  pruneopts = ""
  revision = "9f541cc9db5d55bce703bd99987c9d5cb8eea45e"

[[projects]]
  branch = "master"
  digest = "0:"
  name = "github.com/elazarl/go-bindata-assetfs"
  packages = ["."]
  pruneopts = ""
  revision = "38087fe4dafb822e541b3f7955075cc1c30bd294"

[[projects]]
  branch = "master"
  digest = "1:22ecdc3868d6f76bab8898ca594b846c7a23811f210bde19a056a4edbd778935"
  name = "github.com/facebookgo/stack"
  packages = ["."]
  pruneopts = ""
  revision = "751773369052141c013c6e827a71e8f35c07879c"

[[projects]]
  digest = "0:"
  name = "github.com/fatih/color"
  packages = ["."]
  pruneopts = ""
  revision = "5b77d2a35fb0ede96d138fc9a99f5c9b6aef11b4"
  version = "v1.7.0"

[[projects]]
  digest = "0:"
  name = "github.com/fatih/structs"
  packages = ["."]
  pruneopts = ""
  revision = "4966fc68f5b7593aafa6cbbba2d65ec6e1416047"
  version = "v1.1.0"

[[projects]]
  digest = "0:"
  name = "github.com/fsnotify/fsnotify"
  packages = ["."]
  pruneopts = ""
  revision = "c2828203cd70a50dcccfb2761f8b1f8ceef9a8e9"
  version = "v1.4.7"

[[projects]]
  digest = "0:"
  name = "github.com/go-playground/locales"
  packages = [
    ".",
    "currency",
  ]
  pruneopts = ""
  revision = "f63010822830b6fe52288ee52d5a1151088ce039"
  version = "v0.12.1"

[[projects]]
  digest = "0:"
  name = "github.com/go-playground/universal-translator"
  packages = ["."]
  pruneopts = ""
  revision = "b32fa301c9fe55953584134cb6853a13c87ec0a1"
  version = "v0.16.0"

[[projects]]
  branch = "master"
  digest = "0:"
  name = "github.com/golang/protobuf"
  packages = [
    "proto",
    "ptypes",
    "ptypes/any",
    "ptypes/duration",
    "ptypes/timestamp",
  ]
  pruneopts = ""
  revision = "d3de96c4c28ef8af3aa1a892fc481e0f103c01ff"

[[projects]]
  digest = "0:"
  name = "github.com/gorilla/websocket"
  packages = ["."]
  pruneopts = ""
  revision = "66b9c49e59c6c48f0ffce28c2d8b8a5678502c6d"
  version = "v1.4.0"

[[projects]]
  digest = "0:"
  name = "github.com/hashicorp/hcl"
  packages = [
    ".",
    "hcl/ast",
    "hcl/parser",
    "hcl/printer",
    "hcl/scanner",
    "hcl/strconv",
    "hcl/token",
    "json/parser",
    "json/scanner",
    "json/token",
  ]
  pruneopts = ""
  revision = "8cb6e5b959231cc1119e43259c4a608f9c51a241"
  version = "v1.0.0"

[[projects]]
  digest = "0:"
  name = "github.com/improbable-eng/grpc-web"
  packages = ["go/grpcweb"]
  pruneopts = ""
  revision = "8bc2a4d43363d03ea6cfbd3db96e4a5458bfbfc7"
  version = "0.6.3"

[[projects]]
  digest = "1:870d441fe217b8e689d7949fef6e43efbc787e50f200cb1e70dbca9204a1d6be"
  name = "github.com/inconshreveable/mousetrap"
  packages = ["."]
  pruneopts = ""
  revision = "76626ae9c91c4f2a10f34cad8ce83ea42c93bb75"
  version = "v1.0"

[[projects]]
  digest = "1:6f49eae0c1e5dab1dafafee34b207aeb7a42303105960944828c2079b92fc88e"
  name = "github.com/jmespath/go-jmespath"
  packages = ["."]
  pruneopts = ""
  revision = "0b12d6b5"

[[projects]]
  digest = "0:"
  name = "github.com/json-iterator/go"
  packages = ["."]
  pruneopts = ""
  revision = "1624edc4454b8682399def8740d46db5e4362ba4"
  version = "v1.1.5"

[[projects]]
  digest = "1:01228049049d301adb9fe2a35683db8ec9d20419aac36b5cc48e92c5d05444c3"
  name = "github.com/k0kubun/pp"
  packages = ["."]
  pruneopts = ""
  revision = "027a6d1765d673d337e687394dbe780dd64e2a1e"
  version = "v2.3.0"

[[projects]]
  digest = "0:"
  name = "github.com/konsorten/go-windows-terminal-sequences"
  packages = ["."]
  pruneopts = ""
  revision = "5c8c8bd35d3832f5d134ae1e1e375b69a4d25242"
  version = "v1.0.1"

[[projects]]
  branch = "master"
  digest = "0:"
  name = "github.com/labstack/echo"
  packages = [
    ".",
    "middleware",
  ]
  pruneopts = ""
  revision = "ba1891b3dc1fc5548330e580c51157ea5eb6604f"

[[projects]]
  digest = "0:"
  name = "github.com/labstack/gommon"
  packages = [
    "bytes",
    "color",
    "log",
    "random",
  ]
  pruneopts = ""
  revision = "2a618302b929cc20862dda3aa6f02f64dbe740dd"
  version = "v0.2.7"

[[projects]]
  digest = "0:"
  name = "github.com/magiconair/properties"
  packages = ["."]
  pruneopts = ""
  revision = "c2353362d570a7bfa228149c62842019201cfb71"
  version = "v1.8.0"

[[projects]]
  branch = "master"
  digest = "0:"
  name = "github.com/mailru/easyjson"
  packages = [
    ".",
    "buffer",
    "jlexer",
    "jwriter",
  ]
  pruneopts = ""
  revision = "60711f1a8329503b04e1c88535f419d0bb440bff"

[[projects]]
  digest = "1:9ea83adf8e96d6304f394d40436f2eb44c1dc3250d223b74088cc253a6cd0a1c"
  name = "github.com/mattn/go-colorable"
  packages = ["."]
  pruneopts = ""
  revision = "167de6bfdfba052fa6b2d3664c8f5272e23c9072"
  version = "v0.0.9"

[[projects]]
  digest = "0:"
  name = "github.com/mattn/go-isatty"
  packages = ["."]
  pruneopts = ""
  revision = "6ca4dbf54d38eea1a992b3c722a76a5d1c4cb25c"
  version = "v0.0.4"

[[projects]]
  digest = "0:"
  name = "github.com/mattn/go-runewidth"
  packages = ["."]
  pruneopts = ""
  revision = "ce7b0b5c7b45a81508558cd1dba6bb1e4ddb51bb"
  version = "v0.0.3"

[[projects]]
  branch = "master"
  digest = "0:"
  name = "github.com/mitchellh/go-homedir"
  packages = ["."]
  pruneopts = ""
  revision = "ae18d6b8b3205b561c79e8e5f69bff09736185f4"

[[projects]]
  digest = "0:"
  name = "github.com/mitchellh/mapstructure"
  packages = ["."]
  pruneopts = ""
  revision = "3536a929edddb9a5b34bd6861dc4a9647cb459fe"
  version = "v1.1.2"

[[projects]]
  digest = "0:"
  name = "github.com/modern-go/concurrent"
  packages = ["."]
  pruneopts = ""
  revision = "bacd9c7ef1dd9b15be4a9909b8ac7a4e313eec94"
  version = "1.0.3"

[[projects]]
  digest = "0:"
  name = "github.com/modern-go/reflect2"
  packages = ["."]
  pruneopts = ""
  revision = "4b7aa43c6742a2c18fdef89dd197aaae7dac7ccd"
  version = "1.0.1"

[[projects]]
  digest = "0:"
  name = "github.com/pelletier/go-toml"
  packages = ["."]
  pruneopts = ""
  revision = "c01d1270ff3e442a8a57cddc1c92dc1138598194"
  version = "v1.2.0"

[[projects]]
  digest = "1:7365acd48986e205ccb8652cc746f09c8b7876030d53710ea6ef7d0bd0dcd7ca"
  name = "github.com/pkg/errors"
  packages = ["."]
  pruneopts = ""
  revision = "645ef00459ed84a119197bfb8d8205042c6df63d"
  version = "v0.8.0"

[[projects]]
  branch = "master"
  digest = "0:"
  name = "github.com/rai-project/acl"
  packages = ["."]
  pruneopts = ""
  revision = "923986ee52c5bc4602763a0adc9b574136787887"

[[projects]]
  branch = "master"
  digest = "0:"
  name = "github.com/rai-project/aws"
  packages = ["."]
  pruneopts = ""
  revision = "648d87fdbecb675bbf68c01b794861c987f6f847"

[[projects]]
  branch = "master"
  digest = "0:"
  name = "github.com/rai-project/broker"
  packages = [
    ".",
    "sqs",
  ]
  pruneopts = ""
  revision = "260e32c658d2d46fad9c23d14b09eb28b6128aea"

[[projects]]
  branch = "master"
  digest = "0:"
  name = "github.com/rai-project/config"
  packages = ["."]
  pruneopts = ""
  revision = "628ac79ac6e3bc58c01dc06e9c2fd0220094ed32"

[[projects]]
  branch = "master"
  digest = "0:"
  name = "github.com/rai-project/context"
  packages = ["."]
  pruneopts = ""
  revision = "3f58e510bd73afd645d96659f71f65f72ab85a3f"

[[projects]]
  branch = "master"
  digest = "0:"
  name = "github.com/rai-project/godotenv"
  packages = ["."]
  pruneopts = ""
  revision = "72ca456a35f42d911b5a3f25ef9ea42636a22b3b"

[[projects]]
  branch = "master"
  digest = "0:"
  name = "github.com/rai-project/logger"
  packages = ["."]
  pruneopts = ""
  revision = "1489285c3ccf666d2983e3746486db940813c60d"

[[projects]]
  branch = "master"
  digest = "0:"
  name = "github.com/rai-project/model"
  packages = ["."]
  pruneopts = ""
  revision = "21eb33068eebfa9cb3dc6dc35ce1efb1363e9978"

[[projects]]
  branch = "master"
  digest = "0:"
  name = "github.com/rai-project/pubsub"
  packages = [
    ".",
    "redis",
  ]
  pruneopts = ""
  revision = "e8325a5d893bcfc9b849d14b8289a457a89c341a"

[[projects]]
  branch = "master"
  digest = "0:"
  name = "github.com/rai-project/serializer"
  packages = [
    ".",
    "bson",
    "json",
  ]
  pruneopts = ""
  revision = "17f0f01644c8653b8e61bc83cd33706c6dbe3dc9"

[[projects]]
  digest = "1:5113eac2fc55b7f90b2e93830c523ed067470e37d03ebf36ae557760e1f968db"
  name = "github.com/rai-project/store"
  packages = [
    ".",
    "s3",
  ]
  pruneopts = ""
  revision = "1314573cc30c44cfbb3c93085824b96e9ddb2bf8"

[[projects]]
  branch = "master"
  digest = "0:"
  name = "github.com/rai-project/utils"
  packages = ["."]
  pruneopts = ""
  revision = "6708a9c28d4e0c3c6bd19213f4920a16f43865d4"

[[projects]]
  branch = "master"
  digest = "0:"
  name = "github.com/rai-project/uuid"
  packages = ["."]
  pruneopts = ""
  revision = "9408958525cb3486f7ef41bf5691d4d9e081b08e"

[[projects]]
  branch = "master"
  digest = "0:"
  name = "github.com/rai-project/vipertags"
  packages = ["."]
  pruneopts = ""
  revision = "8dc2a1a8a7a32a0a2d482d545cc579e5fe839356"

[[projects]]
  digest = "0:"
  name = "github.com/rs/cors"
  packages = ["."]
  pruneopts = ""
  revision = "9a47f48565a795472d43519dd49aac781f3034fb"
  version = "v1.6.0"

[[projects]]
  digest = "0:"
  name = "github.com/sirupsen/logrus"
  packages = ["."]
  pruneopts = ""
  revision = "ad15b42461921f1fb3529b058c6786c6a45d5162"
  version = "v1.1.1"

[[projects]]
  digest = "0:"
  name = "github.com/spf13/afero"
  packages = [
    ".",
    "mem",
  ]
  pruneopts = ""
  revision = "d40851caa0d747393da1ffb28f7f9d8b4eeffebd"
  version = "v1.1.2"

[[projects]]
  digest = "0:"
  name = "github.com/spf13/cast"
  packages = ["."]
  pruneopts = ""
  revision = "8c9545af88b134710ab1cd196795e7f2388358d7"
  version = "v1.3.0"

[[projects]]
  branch = "master"
  digest = "0:"
  name = "github.com/spf13/cobra"
  packages = ["."]
  pruneopts = ""
  revision = "fe5e611709b0c57fa4a89136deaa8e1d4004d053"

[[projects]]
  digest = "0:"
  name = "github.com/spf13/jwalterweatherman"
  packages = ["."]
  pruneopts = ""
  revision = "4a4406e478ca629068e7768fc33f3f044173c0a6"
  version = "v1.0.0"

[[projects]]
  digest = "0:"
  name = "github.com/spf13/pflag"
  packages = ["."]
  pruneopts = ""
  revision = "298182f68c66c05229eb03ac171abe6e309ee79a"
  version = "v1.0.3"

[[projects]]
  branch = "master"
  digest = "0:"
  name = "github.com/spf13/viper"
  packages = [
    ".",
    "remote",
  ]
  pruneopts = ""
  revision = "62edee319679b6ceaec16de03b966102d2dea709"

[[projects]]
  digest = "0:"
  name = "github.com/ugorji/go"
  packages = ["codec"]
  pruneopts = ""
  revision = "b4c50a2b199d93b13dc15e78929cfb23bfdf21ab"
  version = "v1.1.1"

[[projects]]
  digest = "0:"
  name = "github.com/valyala/bytebufferpool"
  packages = ["."]
  pruneopts = ""
  revision = "e746df99fe4a3986f4d4f79e13c1e0117ce9c2f7"
  version = "v1.0.0"

[[projects]]
  branch = "master"
  digest = "1:bf6f8915c0338e875383cb7fdebd58a4d360a232f461d9a029d7ccb12f90c5d7"
  name = "github.com/valyala/fasttemplate"
  packages = ["."]
  pruneopts = ""
  revision = "dcecefd839c4193db0d35b88ec65b4c12d360ab0"

[[projects]]
  branch = "master"
  digest = "1:3cb0a78f4682aaca86cfebd14b0fef7553ea90411f78fdf0383a5560d4abc08a"
  name = "github.com/xordataexchange/crypt"
  packages = [
    "backend",
    "backend/consul",
    "backend/etcd",
    "config",
    "encoding/secconf",
  ]
  pruneopts = ""
  revision = "b2862e3d0a775f18c7cfe02273500ae307b61218"

[[projects]]
  branch = "master"
  digest = "0:"
  name = "golang.org/x/crypto"
  packages = [
    "acme",
    "acme/autocert",
    "cast5",
    "openpgp",
    "openpgp/armor",
    "openpgp/elgamal",
    "openpgp/errors",
    "openpgp/packet",
    "openpgp/s2k",
    "ssh/terminal",
  ]
  pruneopts = ""
  revision = "e84da0312774c21d64ee2317962ef669b27ffb41"

[[projects]]
  branch = "master"
  digest = "0:"
  name = "golang.org/x/net"
  packages = [
    "context",
    "http/httpguts",
    "http2",
    "http2/hpack",
    "idna",
    "internal/timeseries",
    "trace",
  ]
  pruneopts = ""
  revision = "9b4f9f5ad5197c79fd623a3638e70d8b26cef344"

[[projects]]
  branch = "master"
  digest = "0:"
  name = "golang.org/x/sync"
  packages = ["syncmap"]
  pruneopts = ""
  revision = "1d60e4601c6fd243af51cc01ddf169918a5407ca"

[[projects]]
  branch = "master"
  digest = "0:"
  name = "golang.org/x/sys"
  packages = [
    "unix",
    "windows",
  ]
  pruneopts = ""
  revision = "2772b66316d2c587efeb188dcd5ebc6987656e84"

[[projects]]
  digest = "0:"
  name = "golang.org/x/text"
  packages = [
    "collate",
    "collate/build",
    "internal/colltab",
    "internal/gen",
    "internal/tag",
    "internal/triegen",
    "internal/ucd",
    "language",
    "secure/bidirule",
    "transform",
    "unicode/bidi",
    "unicode/cldr",
    "unicode/norm",
    "unicode/rangetable",
  ]
  pruneopts = ""
  revision = "f21a4dfb5e38f5895301dc265a8def02365cc3d0"
  version = "v0.3.0"

[[projects]]
  branch = "master"
  digest = "0:"
  name = "google.golang.org/genproto"
  packages = ["googleapis/rpc/status"]
  pruneopts = ""
  revision = "94acd270e44e65579b9ee3cdab25034d33fed608"

[[projects]]
  digest = "0:"
  name = "google.golang.org/grpc"
  packages = [
    ".",
    "balancer",
    "balancer/base",
    "balancer/roundrobin",
    "codes",
    "connectivity",
    "credentials",
    "encoding",
    "encoding/proto",
    "grpclog",
    "internal",
    "internal/backoff",
    "internal/channelz",
    "internal/envconfig",
    "internal/grpcrand",
    "internal/transport",
    "keepalive",
    "metadata",
    "naming",
    "peer",
    "resolver",
    "resolver/dns",
    "resolver/passthrough",
    "stats",
    "status",
    "tap",
  ]
  pruneopts = ""
  revision = "2e463a05d100327ca47ac218281906921038fd95"
  version = "v1.16.0"

[[projects]]
  digest = "0:"
  name = "gopkg.in/cheggaaa/pb.v1"
  packages = ["."]
  pruneopts = ""
  revision = "007b75a044e968336a69a6c0c617251ab62ac14c"
  version = "v1.0.26"

[[projects]]
  digest = "0:"
  name = "gopkg.in/go-playground/validator.v9"
  packages = ["."]
  pruneopts = ""
  revision = "f8af4b15dbe132b53d3a53e7c3724271040e82e7"
  version = "v9.21.1"

[[projects]]
  branch = "v2"
  digest = "0:"
  name = "gopkg.in/mgo.v2"
  packages = [
    "bson",
    "internal/json",
  ]
  pruneopts = ""
  revision = "9856a29383ce1c59f308dd1cf0363a79b5bef6b5"

[[projects]]
  digest = "1:bb926af439b58c00c9cb8b6ca590c13a864e6f29284d5e57be0ce55f250edf40"
  name = "gopkg.in/redis.v5"
  packages = [
    ".",
    "internal",
    "internal/consistenthash",
    "internal/hashtag",
    "internal/pool",
    "internal/proto",
  ]
  pruneopts = ""
  revision = "a16aeec10ff407b1e7be6dd35797ccf5426ef0f0"
  version = "v5.2.9"

[[projects]]
  digest = "0:"
  name = "gopkg.in/yaml.v2"
  packages = ["."]
  pruneopts = ""
  revision = "5420a8b6744d3b0345ab293f6fcba19c978f1183"
  version = "v2.2.1"

[solve-meta]
  analyzer-name = "dep"
  analyzer-version = 1
  input-imports = [
    "github.com/Unknwon/com",
    "github.com/aws/aws-sdk-go/aws/session",
    "github.com/davecgh/go-spew/spew",
    "github.com/elazarl/go-bindata-assetfs",
    "github.com/fatih/color",
    "github.com/golang/protobuf/proto",
    "github.com/golang/protobuf/ptypes/any",
    "github.com/improbable-eng/grpc-web/go/grpcweb",
    "github.com/k0kubun/pp",
    "github.com/labstack/echo",
    "github.com/labstack/echo/middleware",
    "github.com/labstack/gommon/log",
    "github.com/mitchellh/go-homedir",
    "github.com/pkg/errors",
    "github.com/rai-project/aws",
    "github.com/rai-project/broker",
    "github.com/rai-project/broker/sqs",
    "github.com/rai-project/config",
    "github.com/rai-project/logger",
    "github.com/rai-project/model",
    "github.com/rai-project/pubsub",
    "github.com/rai-project/pubsub/redis",
    "github.com/rai-project/serializer/json",
    "github.com/rai-project/store",
    "github.com/rai-project/store/s3",
    "github.com/rai-project/vipertags",
    "github.com/sirupsen/logrus",
    "github.com/spf13/cobra",
    "github.com/spf13/viper",
    "golang.org/x/net/context",
    "google.golang.org/grpc",
    "google.golang.org/grpc/grpclog",
    "gopkg.in/mgo.v2/bson",
  ]
  solver-name = "gps-cdcl"
  solver-version = 1
